
Microsoft Visual Studio Solution File, Format Version 12.00
# Visual Studio 15
VisualStudioVersion = 15.0.28307.168
MinimumVisualStudioVersion = 10.0.40219.1
Project("{FAE04EC0-301F-11D3-BF4B-00C04F79EFBC}") = "Saludo", "Saludo\Saludo.csproj", "{CE5C2008-C402-4386-92B5-9FACEA1F5550}"
EndProject
Global
	GlobalSection(SolutionConfigurationPlatforms) = preSolution
		Debug|Any CPU = Debug|Any CPU
		Release|Any CPU = Release|Any CPU
	EndGlobalSection
	GlobalSection(ProjectConfigurationPlatforms) = postSolution
		{CE5C2008-C402-4386-92B5-9FACEA1F5550}.Debug|Any CPU.ActiveCfg = Debug|Any CPU
		{CE5C2008-C402-4386-92B5-9FACEA1F5550}.Debug|Any CPU.Build.0 = Debug|Any CPU
		{CE5C2008-C402-4386-92B5-9FACEA1F5550}.Release|Any CPU.ActiveCfg = Release|Any CPU
		{CE5C2008-C402-4386-92B5-9FACEA1F5550}.Release|Any CPU.Build.0 = Release|Any CPU
	EndGlobalSection
	GlobalSection(SolutionProperties) = preSolution
		HideSolutionNode = FALSE
	EndGlobalSection
	GlobalSection(ExtensibilityGlobals) = postSolution
		SolutionGuid = {4CCE7AA9-A054-4BF7-886E-B50F1F905278}
	EndGlobalSection
EndGlobal
